
Microsoft Visual Studio Solution File, Format Version 12.00
# Visual Studio Version 17
VisualStudioVersion = 17.6.33829.357
MinimumVisualStudioVersion = 10.0.40219.1
Project("{FAE04EC0-301F-11D3-BF4B-00C04F79EFBC}") = "SerialComwithArduino", "SerialComwithArduino\SerialComwithArduino.csproj", "{FBEDFE29-0B2D-4B76-A830-1F9FDD0D5411}"
EndProject
Global
	GlobalSection(SolutionConfigurationPlatforms) = preSolution
		Debug|Any CPU = Debug|Any CPU
		Release|Any CPU = Release|Any CPU
	EndGlobalSection
	GlobalSection(ProjectConfigurationPlatforms) = postSolution
		{FBEDFE29-0B2D-4B76-A830-1F9FDD0D5411}.Debug|Any CPU.ActiveCfg = Debug|Any CPU
		{FBEDFE29-0B2D-4B76-A830-1F9FDD0D5411}.Debug|Any CPU.Build.0 = Debug|Any CPU
		{FBEDFE29-0B2D-4B76-A830-1F9FDD0D5411}.Release|Any CPU.ActiveCfg = Release|Any CPU
		{FBEDFE29-0B2D-4B76-A830-1F9FDD0D5411}.Release|Any CPU.Build.0 = Release|Any CPU
	EndGlobalSection
	GlobalSection(SolutionProperties) = preSolution
		HideSolutionNode = FALSE
	EndGlobalSection
	GlobalSection(ExtensibilityGlobals) = postSolution
		SolutionGuid = {2402583F-2757-42B9-B7DA-5B0DF94B0EC4}
	EndGlobalSection
EndGlobal
